// !$*UTF8*$!
{
	archiveVersion = 1;
	classes = {
	};
	objectVersion = 46;
	objects = {

/* Begin PBXContainerItemProxy section */
		4F02B0631C62BE0C0031296A /* PBXContainerItemProxy */ = {
			isa = PBXContainerItemProxy;
			containerPortal = 4F02B0461C62BE0B0031296A /* Project object */;
			proxyType = 1;
			remoteGlobalIDString = 4F02B04D1C62BE0B0031296A;
			remoteInfo = "tarea 1";
		};
		4F02B06E1C62BE0C0031296A /* PBXContainerItemProxy */ = {
			isa = PBXContainerItemProxy;
			containerPortal = 4F02B0461C62BE0B0031296A /* Project object */;
			proxyType = 1;
			remoteGlobalIDString = 4F02B04D1C62BE0B0031296A;
			remoteInfo = "tarea 1";
		};
/* End PBXContainerItemProxy section */

/* Begin PBXFileReference section */
		4F02B0F31C62C4470031296A /* Tarea1.playground */ = {isa = PBXFileReference; lastKnownFileType = file.playground; name = Tarea1.playground; path = ../Tarea1.playground; sourceTree = "<group>"; };
		4F02B0F71C62C84F0031296A /* tarea 1.app */ = {isa = PBXFileReference; explicitFileType = wrapper.application; includeInIndex = 0; name = "tarea 1.app"; path = "/Users/eliermedinaaviles/Coursera/Swift/tarea 1/build/Debug-iphoneos/tarea 1.app"; sourceTree = "<absolute>"; };
		4F02B0F81C62C84F0031296A /* tarea 1Tests.xctest */ = {isa = PBXFileReference; explicitFileType = wrapper.cfbundle; includeInIndex = 0; name = "tarea 1Tests.xctest"; path = "/Users/eliermedinaaviles/Coursera/Swift/tarea 1/build/Debug-iphoneos/tarea 1Tests.xctest"; sourceTree = "<absolute>"; };
		4F02B0F91C62C84F0031296A /* tarea 1UITests.xctest */ = {isa = PBXFileReference; explicitFileType = wrapper.cfbundle; includeInIndex = 0; name = "tarea 1UITests.xctest"; path = "/Users/eliermedinaaviles/Coursera/Swift/tarea 1/build/Debug-iphoneos/tarea 1UITests.xctest"; sourceTree = "<absolute>"; };
/* End PBXFileReference section */

/* Begin PBXFrameworksBuildPhase section */
		4F02B04B1C62BE0B0031296A /* Frameworks */ = {
			isa = PBXFrameworksBuildPhase;
			buildActionMask = 2147483647;
			files = (
			);
			runOnlyForDeploymentPostprocessing = 0;
		};
		4F02B05F1C62BE0C0031296A /* Frameworks */ = {
			isa = PBXFrameworksBuildPhase;
			buildActionMask = 2147483647;
			files = (
			);
			runOnlyForDeploymentPostprocessing = 0;
		};
		4F02B06A1C62BE0C0031296A /* Frameworks */ = {
			isa = PBXFrameworksBuildPhase;
			buildActionMask = 2147483647;
			files = (
			);
			runOnlyForDeploymentPostprocessing = 0;
		};
/* End PBXFrameworksBuildPhase section */

/* Begin PBXGroup section */
		4F02B0451C62BE0A0031296A = {
			isa = PBXGroup;
			children = (
				4F02B0F31C62C4470031296A /* Tarea1.playground */,
			);
			sourceTree = "<group>";
		};
/* End PBXGroup section */

/* Begin PBXNativeTarget section */
		4F02B04D1C62BE0B0031296A /* tarea 1 */ = {
			isa = PBXNativeTarget;
			buildConfigurationList = 4F02B0761C62BE0C0031296A /* Build configuration list for PBXNativeTarget "tarea 1" */;
			buildPhases = (
				4F02B04A1C62BE0B0031296A /* Sources */,
				4F02B04B1C62BE0B0031296A /* Frameworks */,
				4F02B04C1C62BE0B0031296A /* Resources */,
			);
			buildRules = (
			);
			dependencies = (
			);
			name = "tarea 1";
			productName = "tarea 1";
			productReference = 4F02B0F71C62C84F0031296A /* tarea 1.app */;
			productType = "com.apple.product-type.application";
		};
		4F02B0611C62BE0C0031296A /* tarea 1Tests */ = {
			isa = PBXNativeTarget;
			buildConfigurationList = 4F02B0791C62BE0C0031296A /* Build configuration list for PBXNativeTarget "tarea 1Tests" */;
			buildPhases = (
				4F02B05E1C62BE0C0031296A /* Sources */,
				4F02B05F1C62BE0C0031296A /* Frameworks */,
				4F02B0601C62BE0C0031296A /* Resources */,
			);
			buildRules = (
			);
			dependencies = (
				4F02B0641C62BE0C0031296A /* PBXTargetDependency */,
			);
			name = "tarea 1Tests";
			productName = "tarea 1Tests";
			productReference = 4F02B0F81C62C84F0031296A /* tarea 1Tests.xctest */;
			productType = "com.apple.product-type.bundle.unit-test";
		};
		4F02B06C1C62BE0C0031296A /* tarea 1UITests */ = {
			isa = PBXNativeTarget;
			buildConfigurationList = 4F02B07C1C62BE0C0031296A /* Build configuration list for PBXNativeTarget "tarea 1UITests" */;
			buildPhases = (
				4F02B0691C62BE0C0031296A /* Sources */,
				4F02B06A1C62BE0C0031296A /* Frameworks */,
				4F02B06B1C62BE0C0031296A /* Resources */,
			);
			buildRules = (
			);
			dependencies = (
				4F02B06F1C62BE0C0031296A /* PBXTargetDependency */,
			);
			name = "tarea 1UITests";
			productName = "tarea 1UITests";
			productReference = 4F02B0F91C62C84F0031296A /* tarea 1UITests.xctest */;
			productType = "com.apple.product-type.bundle.ui-testing";
		};
/* End PBXNativeTarget section */

/* Begin PBXProject section */
		4F02B0461C62BE0B0031296A /* Project object */ = {
			isa = PBXProject;
			attributes = {
				LastSwiftUpdateCheck = 0730;
				LastUpgradeCheck = 0730;
				ORGANIZATIONNAME = "Elier Medina Avilés";
				TargetAttributes = {
					4F02B04D1C62BE0B0031296A = {
						CreatedOnToolsVersion = 7.3;
					};
					4F02B0611C62BE0C0031296A = {
						CreatedOnToolsVersion = 7.3;
						TestTargetID = 4F02B04D1C62BE0B0031296A;
					};
					4F02B06C1C62BE0C0031296A = {
						CreatedOnToolsVersion = 7.3;
						TestTargetID = 4F02B04D1C62BE0B0031296A;
					};
				};
			};
			buildConfigurationList = 4F02B0491C62BE0B0031296A /* Build configuration list for PBXProject "tarea 1" */;
			compatibilityVersion = "Xcode 3.2";
			developmentRegion = English;
			hasScannedForEncodings = 0;
			knownRegions = (
				en,
				Base,
			);
			mainGroup = 4F02B0451C62BE0A0031296A;
			productRefGroup = 4F02B0451C62BE0A0031296A;
			projectDirPath = "";
			projectRoot = "";
			targets = (
				4F02B04D1C62BE0B0031296A /* tarea 1 */,
				4F02B0611C62BE0C0031296A /* tarea 1Tests */,
				4F02B06C1C62BE0C0031296A /* tarea 1UITests */,
			);
		};
/* End PBXProject section */

/* Begin PBXResourcesBuildPhase section */
		4F02B04C1C62BE0B0031296A /* Resources */ = {
			isa = PBXResourcesBuildPhase;
			buildActionMask = 2147483647;
			files = (
			);
			runOnlyForDeploymentPostprocessing = 0;
		};
		4F02B0601C62BE0C0031296A /* Resources */ = {
			isa = PBXResourcesBuildPhase;
			buildActionMask = 2147483647;
			files = (
			);
			runOnlyForDeploymentPostprocessing = 0;
		};
		4F02B06B1C62BE0C0031296A /* Resources */ = {
			isa = PBXResourcesBuildPhase;
			buildActionMask = 2147483647;
			files = (
			);
			runOnlyForDeploymentPostprocessing = 0;
		};
/* End PBXResourcesBuildPhase section */

/* Begin PBXSourcesBuildPhase section */
		4F02B04A1C62BE0B0031296A /* Sources */ = {
			isa = PBXSourcesBuildPhase;
			buildActionMask = 2147483647;
			files = (
			);
			runOnlyForDeploymentPostprocessing = 0;
		};
		4F02B05E1C62BE0C0031296A /* Sources */ = {
			isa = PBXSourcesBuildPhase;
			buildActionMask = 2147483647;
			files = (
			);
			runOnlyForDeploymentPostprocessing = 0;
		};
		4F02B0691C62BE0C0031296A /* Sources */ = {
			isa = PBXSourcesBuildPhase;
			buildActionMask = 2147483647;
			files = (
			);
			runOnlyForDeploymentPostprocessing = 0;
		};
/* End PBXSourcesBuildPhase section */

/* Begin PBXTargetDependency section */
		4F02B0641C62BE0C0031296A /* PBXTargetDependency */ = {
			isa = PBXTargetDependency;
			target = 4F02B04D1C62BE0B0031296A /* tarea 1 */;
			targetProxy = 4F02B0631C62BE0C0031296A /* PBXContainerItemProxy */;
		};
		4F02B06F1C62BE0C0031296A /* PBXTargetDependency */ = {
			isa = PBXTargetDependency;
			target = 4F02B04D1C62BE0B0031296A /* tarea 1 */;
			targetProxy = 4F02B06E1C62BE0C0031296A /* PBXContainerItemProxy */;
		};
/* End PBXTargetDependency section */

/* Begin XCBuildConfiguration section */
		4F02B0741C62BE0C0031296A /* Debug */ = {
			isa = XCBuildConfiguration;
			buildSettings = {
				ALWAYS_SEARCH_USER_PATHS = NO;
				CLANG_CXX_LANGUAGE_STANDARD = "gnu++0x";
				CLANG_CXX_LIBRARY = "libc++";
				CLANG_ENABLE_MODULES = YES;
				CLANG_ENABLE_OBJC_ARC = YES;
				CLANG_WARN_BOOL_CONVERSION = YES;
				CLANG_WARN_CONSTANT_CONVERSION = YES;
				CLANG_WARN_DIRECT_OBJC_ISA_USAGE = YES_ERROR;
				CLANG_WARN_EMPTY_BODY = YES;
				CLANG_WARN_ENUM_CONVERSION = YES;
				CLANG_WARN_INT_CONVERSION = YES;
				CLANG_WARN_OBJC_ROOT_CLASS = YES_ERROR;
				CLANG_WARN_UNREACHABLE_CODE = YES;
				CLANG_WARN__DUPLICATE_METHOD_MATCH = YES;
				"CODE_SIGN_IDENTITY[sdk=iphoneos*]" = "iPhone Developer";
				COPY_PHASE_STRIP = NO;
				DEBUG_INFORMATION_FORMAT = dwarf;
				ENABLE_STRICT_OBJC_MSGSEND = YES;
				ENABLE_TESTABILITY = YES;
				GCC_C_LANGUAGE_STANDARD = gnu99;
				GCC_DYNAMIC_NO_PIC = NO;
				GCC_NO_COMMON_BLOCKS = YES;
				GCC_OPTIMIZATION_LEVEL = 0;
				GCC_PREPROCESSOR_DEFINITIONS = (
					"DEBUG=1",
					"$(inherited)",
				);
				GCC_WARN_64_TO_32_BIT_CONVERSION = YES;
				GCC_WARN_ABOUT_RETURN_TYPE = YES_ERROR;
				GCC_WARN_UNDECLARED_SELECTOR = YES;
				GCC_WARN_UNINITIALIZED_AUTOS = YES_AGGRESSIVE;
				GCC_WARN_UNUSED_FUNCTION = YES;
				GCC_WARN_UNUSED_VARIABLE = YES;
				IPHONEOS_DEPLOYMENT_TARGET = 9.3;
				MTL_ENABLE_DEBUG_INFO = YES;
				ONLY_ACTIVE_ARCH = YES;
				SDKROOT = iphoneos;
				SWIFT_OPTIMIZATION_LEVEL = "-Onone";
				TARGETED_DEVICE_FAMILY = "1,2";
			};
			name = Debug;
		};
		4F02B0751C62BE0C0031296A /* Release */ = {
			isa = XCBuildConfiguration;
			buildSettings = {
				ALWAYS_SEARCH_USER_PATHS = NO;
				CLANG_CXX_LANGUAGE_STANDARD = "gnu++0x";
				CLANG_CXX_LIBRARY = "libc++";
				CLANG_ENABLE_MODULES = YES;
				CLANG_ENABLE_OBJC_ARC = YES;
				CLANG_WARN_BOOL_CONVERSION = YES;
				CLANG_WARN_CONSTANT_CONVERSION = YES;
				CLANG_WARN_DIRECT_OBJC_ISA_USAGE = YES_ERROR;
				CLANG_WARN_EMPTY_BODY = YES;
				CLANG_WARN_ENUM_CONVERSION = YES;
				CLANG_WARN_INT_CONVERSION = YES;
				CLANG_WARN_OBJC_ROOT_CLASS = YES_ERROR;
				CLANG_WARN_UNREACHABLE_CODE = YES;
				CLANG_WARN__DUPLICATE_METHOD_MATCH = YES;
				"CODE_SIGN_IDENTITY[sdk=iphoneos*]" = "iPhone Developer";
				COPY_PHASE_STRIP = NO;
				DEBUG_INFORMATION_FORMAT = "dwarf-with-dsym";
				ENABLE_NS_ASSERTIONS = NO;
				ENABLE_STRICT_OBJC_MSGSEND = YES;
				GCC_C_LANGUAGE_STANDARD = gnu99;
				GCC_NO_COMMON_BLOCKS = YES;
				GCC_WARN_64_TO_32_BIT_CONVERSION = YES;
				GCC_WARN_ABOUT_RETURN_TYPE = YES_ERROR;
				GCC_WARN_UNDECLARED_SELECTOR = YES;
				GCC_WARN_UNINITIALIZED_AUTOS = YES_AGGRESSIVE;
				GCC_WARN_UNUSED_FUNCTION = YES;
				GCC_WARN_UNUSED_VARIABLE = YES;
				IPHONEOS_DEPLOYMENT_TARGET = 9.3;
				MTL_ENABLE_DEBUG_INFO = NO;
				SDKROOT = iphoneos;
				TARGETED_DEVICE_FAMILY = "1,2";
				VALIDATE_PRODUCT = YES;
			};
			name = Release;
		};
		4F02B0771C62BE0C0031296A /* Debug */ = {
			isa = XCBuildConfiguration;
			buildSettings = {
				ASSETCATALOG_COMPILER_APPICON_NAME = AppIcon;
				INFOPLIST_FILE = "tarea 1/Info.plist";
				LD_RUNPATH_SEARCH_PATHS = "$(inherited) @executable_path/Frameworks";
				PRODUCT_BUNDLE_IDENTIFIER = "jkk.tarea-1";
				PRODUCT_NAME = "$(TARGET_NAME)";
			};
			name = Debug;
		};
		4F02B0781C62BE0C0031296A /* Release */ = {
			isa = XCBuildConfiguration;
			buildSettings = {
				ASSETCATALOG_COMPILER_APPICON_NAME = AppIcon;
				INFOPLIST_FILE = "tarea 1/Info.plist";
				LD_RUNPATH_SEARCH_PATHS = "$(inherited) @executable_path/Frameworks";
				PRODUCT_BUNDLE_IDENTIFIER = "jkk.tarea-1";
				PRODUCT_NAME = "$(TARGET_NAME)";
			};
			name = Release;
		};
		4F02B07A1C62BE0C0031296A /* Debug */ = {
			isa = XCBuildConfiguration;
			buildSettings = {
				BUNDLE_LOADER = "$(TEST_HOST)";
				INFOPLIST_FILE = "tarea 1Tests/Info.plist";
				LD_RUNPATH_SEARCH_PATHS = "$(inherited) @executable_path/Frameworks @loader_path/Frameworks";
				PRODUCT_BUNDLE_IDENTIFIER = "jkk.tarea-1Tests";
				PRODUCT_NAME = "$(TARGET_NAME)";
				TEST_HOST = "$(BUILT_PRODUCTS_DIR)/tarea 1.app/tarea 1";
			};
			name = Debug;
		};
		4F02B07B1C62BE0C0031296A /* Release */ = {
			isa = XCBuildConfiguration;
			buildSettings = {
				BUNDLE_LOADER = "$(TEST_HOST)";
				INFOPLIST_FILE = "tarea 1Tests/Info.plist";
				LD_RUNPATH_SEARCH_PATHS = "$(inherited) @executable_path/Frameworks @loader_path/Frameworks";
				PRODUCT_BUNDLE_IDENTIFIER = "jkk.tarea-1Tests";
				PRODUCT_NAME = "$(TARGET_NAME)";
				TEST_HOST = "$(BUILT_PRODUCTS_DIR)/tarea 1.app/tarea 1";
			};
			name = Release;
		};
		4F02B07D1C62BE0C0031296A /* Debug */ = {
			isa = XCBuildConfiguration;
			buildSettings = {
				INFOPLIST_FILE = "tarea 1UITests/Info.plist";
				LD_RUNPATH_SEARCH_PATHS = "$(inherited) @executable_path/Frameworks @loader_path/Frameworks";
				PRODUCT_BUNDLE_IDENTIFIER = "jkk.tarea-1UITests";
				PRODUCT_NAME = "$(TARGET_NAME)";
				TEST_TARGET_NAME = "tarea 1";
			};
			name = Debug;
		};
		4F02B07E1C62BE0C0031296A /* Release */ = {
			isa = XCBuildConfiguration;
			buildSettings = {
				INFOPLIST_FILE = "tarea 1UITests/Info.plist";
				LD_RUNPATH_SEARCH_PATHS = "$(inherited) @executable_path/Frameworks @loader_path/Frameworks";
				PRODUCT_BUNDLE_IDENTIFIER = "jkk.tarea-1UITests";
				PRODUCT_NAME = "$(TARGET_NAME)";
				TEST_TARGET_NAME = "tarea 1";
			};
			name = Release;
		};
/* End XCBuildConfiguration section */

/* Begin XCConfigurationList section */
		4F02B0491C62BE0B0031296A /* Build configuration list for PBXProject "tarea 1" */ = {
			isa = XCConfigurationList;
			buildConfigurations = (
				4F02B0741C62BE0C0031296A /* Debug */,
				4F02B0751C62BE0C0031296A /* Release */,
			);
			defaultConfigurationIsVisible = 0;
			defaultConfigurationName = Release;
		};
		4F02B0761C62BE0C0031296A /* Build configuration list for PBXNativeTarget "tarea 1" */ = {
			isa = XCConfigurationList;
			buildConfigurations = (
				4F02B0771C62BE0C0031296A /* Debug */,
				4F02B0781C62BE0C0031296A /* Release */,
			);
			defaultConfigurationIsVisible = 0;
			defaultConfigurationName = Release;
		};
		4F02B0791C62BE0C0031296A /* Build configuration list for PBXNativeTarget "tarea 1Tests" */ = {
			isa = XCConfigurationList;
			buildConfigurations = (
				4F02B07A1C62BE0C0031296A /* Debug */,
				4F02B07B1C62BE0C0031296A /* Release */,
			);
			defaultConfigurationIsVisible = 0;
			defaultConfigurationName = Release;
		};
		4F02B07C1C62BE0C0031296A /* Build configuration list for PBXNativeTarget "tarea 1UITests" */ = {
			isa = XCConfigurationList;
			buildConfigurations = (
				4F02B07D1C62BE0C0031296A /* Debug */,
				4F02B07E1C62BE0C0031296A /* Release */,
			);
			defaultConfigurationIsVisible = 0;
			defaultConfigurationName = Release;
		};
/* End XCConfigurationList section */
	};
	rootObject = 4F02B0461C62BE0B0031296A /* Project object */;
}
